
Microsoft Visual Studio Solution File, Format Version 12.00
# Visual Studio Version 17
VisualStudioVersion = 17.10.34916.146
MinimumVisualStudioVersion = 10.0.40219.1
Project("{FAE04EC0-301F-11D3-BF4B-00C04F79EFBC}") = "lab4_iterator", "lab4_iterator\lab4_iterator.csproj", "{C17CCC01-1DA7-4F99-A8E0-DF4BC567F77B}"
EndProject
Global
	GlobalSection(SolutionConfigurationPlatforms) = preSolution
		Debug|Any CPU = Debug|Any CPU
		Release|Any CPU = Release|Any CPU
	EndGlobalSection
	GlobalSection(ProjectConfigurationPlatforms) = postSolution
		{C17CCC01-1DA7-4F99-A8E0-DF4BC567F77B}.Debug|Any CPU.ActiveCfg = Debug|Any CPU
		{C17CCC01-1DA7-4F99-A8E0-DF4BC567F77B}.Debug|Any CPU.Build.0 = Debug|Any CPU
		{C17CCC01-1DA7-4F99-A8E0-DF4BC567F77B}.Release|Any CPU.ActiveCfg = Release|Any CPU
		{C17CCC01-1DA7-4F99-A8E0-DF4BC567F77B}.Release|Any CPU.Build.0 = Release|Any CPU
	EndGlobalSection
	GlobalSection(SolutionProperties) = preSolution
		HideSolutionNode = FALSE
	EndGlobalSection
	GlobalSection(ExtensibilityGlobals) = postSolution
		SolutionGuid = {7E4251B3-AAEC-4938-8F5C-55E4919C75ED}
	EndGlobalSection
EndGlobal
